
Microsoft Visual Studio Solution File, Format Version 12.00
# Visual Studio Version 17
VisualStudioVersion = 17.0.32014.148
MinimumVisualStudioVersion = 10.0.40219.1
Project("{FAE04EC0-301F-11D3-BF4B-00C04F79EFBC}") = "CabInvoiceGenerator", "CabInvoiceGenerator\CabInvoiceGenerator.csproj", "{7AD00733-C127-43CE-9FE1-9F4F71C5E756}"
EndProject
Project("{FAE04EC0-301F-11D3-BF4B-00C04F79EFBC}") = "InvoiceGeneratorTest", "InvoiceGeneratorTest\InvoiceGeneratorTest.csproj", "{C2375DFC-1B50-4AEF-87EB-0F691C5B126F}"
EndProject
Global
	GlobalSection(SolutionConfigurationPlatforms) = preSolution
		Debug|Any CPU = Debug|Any CPU
		Release|Any CPU = Release|Any CPU
	EndGlobalSection
	GlobalSection(ProjectConfigurationPlatforms) = postSolution
		{7AD00733-C127-43CE-9FE1-9F4F71C5E756}.Debug|Any CPU.ActiveCfg = Debug|Any CPU
		{7AD00733-C127-43CE-9FE1-9F4F71C5E756}.Debug|Any CPU.Build.0 = Debug|Any CPU
		{7AD00733-C127-43CE-9FE1-9F4F71C5E756}.Release|Any CPU.ActiveCfg = Release|Any CPU
		{7AD00733-C127-43CE-9FE1-9F4F71C5E756}.Release|Any CPU.Build.0 = Release|Any CPU
		{C2375DFC-1B50-4AEF-87EB-0F691C5B126F}.Debug|Any CPU.ActiveCfg = Debug|Any CPU
		{C2375DFC-1B50-4AEF-87EB-0F691C5B126F}.Debug|Any CPU.Build.0 = Debug|Any CPU
		{C2375DFC-1B50-4AEF-87EB-0F691C5B126F}.Release|Any CPU.ActiveCfg = Release|Any CPU
		{C2375DFC-1B50-4AEF-87EB-0F691C5B126F}.Release|Any CPU.Build.0 = Release|Any CPU
	EndGlobalSection
	GlobalSection(SolutionProperties) = preSolution
		HideSolutionNode = FALSE
	EndGlobalSection
	GlobalSection(ExtensibilityGlobals) = postSolution
		SolutionGuid = {493E071A-699C-4990-B77B-8263ADF42E5C}
	EndGlobalSection
EndGlobal
